<?xml version="1.0" encoding="utf-8"?>
<Project ToolsVersion="4.0" xmlns="http://schemas.microsoft.com/developer/msbuild/2003">
  <ItemGroup>
    <Filter Include="Source Files">
      <UniqueIdentifier>{4FC737F1-C7A5-4376-A066-2A32D752A2FF}</UniqueIdentifier>
      <Extensions>cpp;c;cc;cxx;def;odl;idl;hpj;bat;asm;asmx</Extensions>
    </Filter>
    <Filter Include="Header Files">
      <UniqueIdentifier>{93995380-89BD-4b04-88EB-625FBE52EBFB}</UniqueIdentifier>
      <Extensions>h;hpp;hxx;hm;inl;inc;xsd</Extensions>
    </Filter>
    <Filter Include="Resource Files">
      <UniqueIdentifier>{67DA6AB6-F800-4c08-8B7A-83BB121AAD01}</UniqueIdentifier>
      <Extensions>rc;ico;cur;bmp;dlg;rc2;rct;bin;rgs;gif;jpg;jpeg;jpe;resx;tiff;tif;png;wav;mfcribbon-ms</Extensions>
    </Filter>
    <Filter Include="Header Files\jsmn">
      <UniqueIdentifier>{2460ae43-4bc6-410b-919e-626e769f367a}</UniqueIdentifier>
    </Filter>
    <Filter Include="Header Files\utils">
      <UniqueIdentifier>{85e0b163-cbdd-43b5-8425-c641ca8049ab}</UniqueIdentifier>
    </Filter>
    <Filter Include="Source Files\utils">
      <UniqueIdentifier>{5936b841-6605-475e-b4c7-f5c789ff21b3}</UniqueIdentifier>
    </Filter>
    <Filter Include="Header Files\core">
      <UniqueIdentifier>{14375063-776a-4559-ac50-f1b925f3cb27}</UniqueIdentifier>
    </Filter>
    <Filter Include="Header Files\data">
      <UniqueIdentifier>{5f8b8eb6-e98c-4541-b1db-7df59cacdeb5}</UniqueIdentifier>
    </Filter>
    <Filter Include="Source Files\data">
      <UniqueIdentifier>{f2526af5-cabc-4662-ae4d-bae7a46dcbc5}</UniqueIdentifier>
    </Filter>
    <Filter Include="Source Files\jsmn">
      <UniqueIdentifier>{8ea7015b-3a2f-4ee3-b3c4-00999038a8ed}</UniqueIdentifier>
    </Filter>
    <Filter Include="Source Files\core">
      <UniqueIdentifier>{802ab57d-2abf-49ae-94fc-d76b9795ec13}</UniqueIdentifier>
    </Filter>
    <Filter Include="Header Files\core\component">
      <UniqueIdentifier>{a1164896-2397-4069-a405-8cc0ef1916bc}</UniqueIdentifier>
    </Filter>
    <Filter Include="Header Files\core\message">
      <UniqueIdentifier>{eca78f1a-6f32-4830-9aee-90d411acd110}</UniqueIdentifier>
    </Filter>
    <Filter Include="Source Files\core\component">
      <UniqueIdentifier>{5702882f-a6e5-4376-ac62-1f344c1a2767}</UniqueIdentifier>
    </Filter>
    <Filter Include="Header Files\core\renderer">
      <UniqueIdentifier>{8749109b-3d4d-45db-84e7-db070fa6ae2b}</UniqueIdentifier>
    </Filter>
    <Filter Include="Source Files\core\renderer">
      <UniqueIdentifier>{c43a01dd-0ec5-476a-98e6-b4a107e87f57}</UniqueIdentifier>
    </Filter>
    <Filter Include="Header Files\core\manager">
      <UniqueIdentifier>{f38dfadc-c412-4553-b32b-b4952af29dda}</UniqueIdentifier>
    </Filter>
    <Filter Include="Source Files\core\manager">
      <UniqueIdentifier>{3e185ab4-0e13-4372-877d-6734ac3bd5a8}</UniqueIdentifier>
    </Filter>
    <Filter Include="Header Files\script">
      <UniqueIdentifier>{13d7eb3c-897a-4ba7-a36a-273f15b9faf1}</UniqueIdentifier>
    </Filter>
    <Filter Include="Source Files\script">
      <UniqueIdentifier>{466cb0e5-2c77-4a10-8716-228bb63aa294}</UniqueIdentifier>
    </Filter>
  </ItemGroup>
  <ItemGroup>
    <ClCompile Include="src\main.cpp">
      <Filter>Source Files</Filter>
    </ClCompile>
    <ClCompile Include="src\jsmn\jsmn.cpp">
      <Filter>Source Files\jsmn</Filter>
    </ClCompile>
    <ClCompile Include="src\utils\configuration.cpp">
      <Filter>Source Files\utils</Filter>
    </ClCompile>
    <ClCompile Include="src\utils\logger.cpp">
      <Filter>Source Files\utils</Filter>
    </ClCompile>
    <ClCompile Include="src\data\material.cpp">
      <Filter>Source Files\data</Filter>
    </ClCompile>
    <ClCompile Include="src\core\engine.cpp">
      <Filter>Source Files\core</Filter>
    </ClCompile>
    <ClCompile Include="src\core\scene.cpp">
      <Filter>Source Files\core</Filter>
    </ClCompile>
    <ClCompile Include="src\core\entity.cpp">
      <Filter>Source Files\core</Filter>
    </ClCompile>
    <ClCompile Include="src\core\component\renderer.cpp">
      <Filter>Source Files\core\component</Filter>
    </ClCompile>
    <ClCompile Include="src\core\component.cpp">
      <Filter>Source Files\core</Filter>
    </ClCompile>
    <ClCompile Include="src\core\renderer\rendermanager.cpp">
      <Filter>Source Files\core\renderer</Filter>
    </ClCompile>
    <ClCompile Include="src\core\manager\transformmanager.cpp">
      <Filter>Source Files\core\manager</Filter>
    </ClCompile>
    <ClCompile Include="include\core\manager.h">
      <Filter>Header Files\core</Filter>
    </ClCompile>
    <ClCompile Include="src\core\component\transform.cpp">
      <Filter>Source Files\core\component</Filter>
    </ClCompile>
    <ClCompile Include="src\data\assetdatabase.cpp">
      <Filter>Source Files\data</Filter>
    </ClCompile>
    <ClCompile Include="src\data\texture.cpp">
      <Filter>Source Files\data</Filter>
    </ClCompile>
    <ClCompile Include="src\core\component\script.cpp">
      <Filter>Source Files\core\component</Filter>
    </ClCompile>
    <ClCompile Include="src\core\manager\scriptmanager.cpp">
      <Filter>Source Files\core\manager</Filter>
    </ClCompile>
    <ClCompile Include="src\script\scriptinterface.cpp">
      <Filter>Source Files\script</Filter>
    </ClCompile>
  </ItemGroup>
  <ItemGroup>
    <ClInclude Include="include\jsmn\jsmn.h">
      <Filter>Header Files\jsmn</Filter>
    </ClInclude>
    <ClInclude Include="include\utils\configuration.h">
      <Filter>Header Files\utils</Filter>
    </ClInclude>
    <ClInclude Include="include\utils\configuration_type.h">
      <Filter>Header Files\utils</Filter>
    </ClInclude>
    <ClInclude Include="include\utils\logger_type.h">
      <Filter>Header Files\utils</Filter>
    </ClInclude>
    <ClInclude Include="include\utils\logger.h">
      <Filter>Header Files\utils</Filter>
    </ClInclude>
    <ClInclude Include="include\utils\utils.h">
      <Filter>Header Files\utils</Filter>
    </ClInclude>
    <ClInclude Include="include\core\engine.h">
      <Filter>Header Files\core</Filter>
    </ClInclude>
    <ClInclude Include="include\core\component.h">
      <Filter>Header Files\core</Filter>
    </ClInclude>
    <ClInclude Include="include\core\manager_types.h">
      <Filter>Header Files\core</Filter>
    </ClInclude>
    <ClInclude Include="include\data\material.h">
      <Filter>Header Files\data</Filter>
    </ClInclude>
    <ClInclude Include="include\core\engine_types.h">
      <Filter>Header Files\core</Filter>
    </ClInclude>
    <ClInclude Include="include\core\scene.h">
      <Filter>Header Files\core</Filter>
    </ClInclude>
    <ClInclude Include="include\core\message\message_types.h">
      <Filter>Header Files\core\message</Filter>
    </ClInclude>
    <ClInclude Include="include\core\entity_types.h">
      <Filter>Header Files\core</Filter>
    </ClInclude>
    <ClInclude Include="include\core\message\message.h">
      <Filter>Header Files\core\message</Filter>
    </ClInclude>
    <ClInclude Include="include\core\entity.h">
      <Filter>Header Files\core</Filter>
    </ClInclude>
    <ClInclude Include="include\core\component_types.h">
      <Filter>Header Files\core</Filter>
    </ClInclude>
    <ClInclude Include="include\core\component\renderer.h">
      <Filter>Header Files\core\component</Filter>
    </ClInclude>
    <ClInclude Include="include\core\renderer\rendermanager.h">
      <Filter>Header Files\core\renderer</Filter>
    </ClInclude>
    <ClInclude Include="include\core\component\transform.h">
      <Filter>Header Files\core\component</Filter>
    </ClInclude>
    <ClInclude Include="include\core\manager\transformmanager.h">
      <Filter>Header Files\core\manager</Filter>
    </ClInclude>
    <ClInclude Include="include\data\asset.h">
      <Filter>Header Files\data</Filter>
    </ClInclude>
    <ClInclude Include="include\data\assetdatabase.h">
      <Filter>Header Files\data</Filter>
    </ClInclude>
    <ClInclude Include="include\data\texture.h">
      <Filter>Header Files\data</Filter>
    </ClInclude>
    <ClInclude Include="include\core\component\script.h">
      <Filter>Header Files\core\component</Filter>
    </ClInclude>
    <ClInclude Include="include\core\manager\scriptmanager.h">
      <Filter>Header Files\core\manager</Filter>
    </ClInclude>
    <ClInclude Include="include\data\data_types.h">
      <Filter>Header Files\data</Filter>
    </ClInclude>
    <ClInclude Include="include\script\scriptinterface.h">
      <Filter>Header Files\script</Filter>
    </ClInclude>
  </ItemGroup>
</Project>